
Microsoft Visual Studio Solution File, Format Version 12.00
# Visual Studio Version 17
VisualStudioVersion = 17.14.36408.4 d17.14
MinimumVisualStudioVersion = 10.0.40219.1
Project("{FAE04EC0-301F-11D3-BF4B-00C04F79EFBC}") = "ProyectoGitGUI", "ProyectoGitGUI.csproj", "{64D5854F-A1AA-A3DF-7298-88A84650628B}"
EndProject
Global
	GlobalSection(SolutionConfigurationPlatforms) = preSolution
		Debug|Any CPU = Debug|Any CPU
		Release|Any CPU = Release|Any CPU
	EndGlobalSection
	GlobalSection(ProjectConfigurationPlatforms) = postSolution
		{64D5854F-A1AA-A3DF-7298-88A84650628B}.Debug|Any CPU.ActiveCfg = Debug|Any CPU
		{64D5854F-A1AA-A3DF-7298-88A84650628B}.Debug|Any CPU.Build.0 = Debug|Any CPU
		{64D5854F-A1AA-A3DF-7298-88A84650628B}.Release|Any CPU.ActiveCfg = Release|Any CPU
		{64D5854F-A1AA-A3DF-7298-88A84650628B}.Release|Any CPU.Build.0 = Release|Any CPU
	EndGlobalSection
	GlobalSection(SolutionProperties) = preSolution
		HideSolutionNode = FALSE
	EndGlobalSection
	GlobalSection(ExtensibilityGlobals) = postSolution
		SolutionGuid = {2A65FFC2-3FE4-41D2-8049-BEC0E539A2FA}
	EndGlobalSection
EndGlobal
